
Microsoft Visual Studio Solution File, Format Version 12.00
# Visual Studio Version 17
VisualStudioVersion = 17.10.35013.160
MinimumVisualStudioVersion = 10.0.40219.1
Project("{FAE04EC0-301F-11D3-BF4B-00C04F79EFBC}") = "Proyecto[Practica02]", "Proyecto[Practica02].csproj", "{0452F427-D7B8-4811-A372-DB9183DF6C87}"
EndProject
Global
	GlobalSection(SolutionConfigurationPlatforms) = preSolution
		Debug|Any CPU = Debug|Any CPU
		Release|Any CPU = Release|Any CPU
	EndGlobalSection
	GlobalSection(ProjectConfigurationPlatforms) = postSolution
		{0452F427-D7B8-4811-A372-DB9183DF6C87}.Debug|Any CPU.ActiveCfg = Debug|Any CPU
		{0452F427-D7B8-4811-A372-DB9183DF6C87}.Debug|Any CPU.Build.0 = Debug|Any CPU
		{0452F427-D7B8-4811-A372-DB9183DF6C87}.Release|Any CPU.ActiveCfg = Release|Any CPU
		{0452F427-D7B8-4811-A372-DB9183DF6C87}.Release|Any CPU.Build.0 = Release|Any CPU
	EndGlobalSection
	GlobalSection(SolutionProperties) = preSolution
		HideSolutionNode = FALSE
	EndGlobalSection
	GlobalSection(ExtensibilityGlobals) = postSolution
		SolutionGuid = {821A104D-6977-4806-9F67-16D8E8088E19}
	EndGlobalSection
EndGlobal
